{
  "version": 1,
  "members": {
    "the-architect": {
      "version": "57f49c525ccb145619c1b10f8242d7003aaead50bc1de1c03220a5bfe166e921",
      "updatedAt": "2026-09-21T02:52:42.884Z"
    },
    "the-auditor": {
      "version": "fe15592bac79311f367c86ec3eb4becdf82b801059ceb37fd0db97b3ea569271",
      "updatedAt": "2026-09-21T02:52:42.884Z"
    },
    "the-builder": {
      "version": "2a633df7158081ad3e3691c1002e99274cb477546dda1856eb8f58c970b7c3ae",
      "updatedAt": "2026-09-21T02:52:42.884Z"
    },
    "the-debugger": {
      "version": "4a7c6a07e21c44f74095d51e31da32d343e7e575479155ee275c85c4e7c5fe72",
      "updatedAt": "2026-09-21T02:52:42.884Z"
    },
    "the-doorman": {
      "version": "579550758d432758a7f5b4617e5b4378ee8bd71e4a3e04d0d0cc7d362b6e5fdf",
      "updatedAt": "2026-09-21T02:52:42.884Z"
    },
    "the-envoy": {
      "version": "e3e41b9480ffc66cd24d059c2631a5c6a992eb995556250ad83ca5746922122c",
      "updatedAt": "2026-09-21T02:52:42.884Z"
    },
    "the-herald": {
      "version": "9bbcc94a979fc12a095220432d3978b70075476b4748018bf0217d2e979c6a63",
      "updatedAt": "2026-09-21T02:52:42.884Z"
    },
    "the-inspector": {
      "version": "2681f3acf96ba298c31ff0939d9e34f80770c058ffcc7ecbfc20079fa31a608b",
      "updatedAt": "2026-09-21T02:52:42.884Z"
    },
    "the-librarian": {
      "version": "53a7d7bd815386f4c00d854fad5da9e7a8069103b7352fbf15b46e0b50532cab",
      "updatedAt": "2026-09-21T02:52:42.884Z"
    },
    "the-mailman": {
      "version": "ee5cdc200629e4b453dce2fc4412b3d5c0a5fce67694945b8d52d4c418d0ac55",
      "updatedAt": "2026-09-21T02:52:42.884Z"
    },
    "the-mediator": {
      "version": "15be46e85754378a7aa6f1b3d3d3b0e29be23492ff470161b8bdeb905626e41c",
      "updatedAt": "2026-09-21T02:52:42.884Z"
    },
    "the-operator": {
      "version": "2fd14596cad2415b7b7cbc186a7aa2aada02b36df495732ee4bc5d86f17675e9",
      "updatedAt": "2026-09-21T02:52:42.884Z"
    },
    "the-oracle": {
      "version": "18e3d604d0dc602269bb00f4774e9c912157532182420f7c8109de4b8f3f70b8",
      "updatedAt": "2026-09-21T02:52:42.884Z"
    },
    "the-reviewer": {
      "version": "21e4e14a3d197f687193dbc1ec8b10c35d51f509218d82b0a95a47d29b1ac4da",
      "updatedAt": "2026-09-21T02:52:42.884Z"
    },
    "the-scribe": {
      "version": "3be3dbd7b265f952816bc076cb20c54d986aefc912beb0161188bb81ef063a75",
      "updatedAt": "2026-09-21T02:52:42.884Z"
    },
    "the-sentinel": {
      "version": "259ff00a562ad9a0fa85c8dbfff010bf3bd33a9681f82b90d5e0c7e2f1769e1a",
      "updatedAt": "2026-09-21T02:52:42.884Z"
    },
    "the-steward": {
      "version": "f3cda1efa5a9d495027aed29d208862ae3456c0bfc350e30bbd82780c50c6af2",
      "updatedAt": "2026-09-21T02:52:42.884Z"
    },
    "the-strategist": {
      "version": "cfdf21f220669df8b2e086889f382e985375502c1450f5abdaefa2fe6eeeca6e",
      "updatedAt": "2026-09-21T02:52:42.884Z"
    },
    "the-tester": {
      "version": "dd1b6f3aaa09f463ef113ee9d3ce39267d50f85d792d9f5b5f4cef9acb1a9fdf",
      "updatedAt": "2026-09-21T02:52:42.884Z"
    },
    "the-warden": {
      "version": "f2dfe675b2e8de8b76b1a008f569ed829b9dd673ac526d88f2204f54f99fb43b",
      "updatedAt": "2026-09-21T02:52:42.884Z"
    }
  }
}
